// !$*UTF8*$!
{
	archiveVersion = 1;
	classes = {
	};
	objectVersion = 46;
	objects = {

/* Begin PBXBuildFile section */
		B345464019F36C1100DC4689 /* AudioBuffersQueue.m in Sources */ = {isa = PBXBuildFile; fileRef = B345463919F36C1100DC4689 /* AudioBuffersQueue.m */; };
		B345464119F36C1100DC4689 /* WeshAudioBuffer.m in Sources */ = {isa = PBXBuildFile; fileRef = B345463B19F36C1100DC4689 /* WeshAudioBuffer.m */; };
		B345464219F36C1100DC4689 /* SongInputStreamer.m in Sources */ = {isa = PBXBuildFile; fileRef = B345463D19F36C1100DC4689 /* SongInputStreamer.m */; };
		B345464319F36C1100DC4689 /* SongOutputStreamer.m in Sources */ = {isa = PBXBuildFile; fileRef = B345463F19F36C1100DC4689 /* SongOutputStreamer.m */; };
		B345464619F3848400DC4689 /* sample.mp3 in Resources */ = {isa = PBXBuildFile; fileRef = B345464519F3848400DC4689 /* sample.mp3 */; };
		B37DE9B219F2A151005F3542 /* AppDelegate.swift in Sources */ = {isa = PBXBuildFile; fileRef = B37DE9B119F2A151005F3542 /* AppDelegate.swift */; };
		B37DE9B519F2A151005F3542 /* WeshApp_tunes.xcdatamodeld in Sources */ = {isa = PBXBuildFile; fileRef = B37DE9B319F2A151005F3542 /* WeshApp_tunes.xcdatamodeld */; };
		B37DE9BA19F2A151005F3542 /* Main.storyboard in Resources */ = {isa = PBXBuildFile; fileRef = B37DE9B819F2A151005F3542 /* Main.storyboard */; };
		B37DE9BC19F2A151005F3542 /* Images.xcassets in Resources */ = {isa = PBXBuildFile; fileRef = B37DE9BB19F2A151005F3542 /* Images.xcassets */; };
		B37DE9BF19F2A151005F3542 /* LaunchScreen.xib in Resources */ = {isa = PBXBuildFile; fileRef = B37DE9BD19F2A151005F3542 /* LaunchScreen.xib */; };
		B37DE9CB19F2A151005F3542 /* WeshApp_tunesTests.swift in Sources */ = {isa = PBXBuildFile; fileRef = B37DE9CA19F2A151005F3542 /* WeshApp_tunesTests.swift */; };
		B37DE9D519F2B4DC005F3542 /* MCManager.swift in Sources */ = {isa = PBXBuildFile; fileRef = B37DE9D419F2B4DC005F3542 /* MCManager.swift */; };
		B37DE9D719F2B500005F3542 /* MultipeerConnectivity.framework in Frameworks */ = {isa = PBXBuildFile; fileRef = B37DE9D619F2B500005F3542 /* MultipeerConnectivity.framework */; };
		B37DE9D919F2B79A005F3542 /* SongTVC.swift in Sources */ = {isa = PBXBuildFile; fileRef = B37DE9D819F2B79A005F3542 /* SongTVC.swift */; };
		B37DE9DB19F2B9A2005F3542 /* Media.swift in Sources */ = {isa = PBXBuildFile; fileRef = B37DE9DA19F2B9A2005F3542 /* Media.swift */; };
		B37DE9DD19F2C7B6005F3542 /* MediaManager.swift in Sources */ = {isa = PBXBuildFile; fileRef = B37DE9DC19F2C7B6005F3542 /* MediaManager.swift */; };
		B3E6ADC119F31EA8009C2418 /* PlayerViewController.swift in Sources */ = {isa = PBXBuildFile; fileRef = B3E6ADC019F31EA8009C2418 /* PlayerViewController.swift */; };
/* End PBXBuildFile section */

/* Begin PBXContainerItemProxy section */
		B37DE9C519F2A151005F3542 /* PBXContainerItemProxy */ = {
			isa = PBXContainerItemProxy;
			containerPortal = B37DE9A419F2A151005F3542 /* Project object */;
			proxyType = 1;
			remoteGlobalIDString = B37DE9AB19F2A151005F3542;
			remoteInfo = "WeshApp-tunes";
		};
/* End PBXContainerItemProxy section */

/* Begin PBXFileReference section */
		B345463819F36C1100DC4689 /* AudioBuffersQueue.h */ = {isa = PBXFileReference; fileEncoding = 4; lastKnownFileType = sourcecode.c.h; path = AudioBuffersQueue.h; sourceTree = "<group>"; };
		B345463919F36C1100DC4689 /* AudioBuffersQueue.m */ = {isa = PBXFileReference; fileEncoding = 4; lastKnownFileType = sourcecode.c.objc; path = AudioBuffersQueue.m; sourceTree = "<group>"; };
		B345463A19F36C1100DC4689 /* WeshAudioBuffer.h */ = {isa = PBXFileReference; fileEncoding = 4; lastKnownFileType = sourcecode.c.h; path = WeshAudioBuffer.h; sourceTree = "<group>"; };
		B345463B19F36C1100DC4689 /* WeshAudioBuffer.m */ = {isa = PBXFileReference; fileEncoding = 4; lastKnownFileType = sourcecode.c.objc; path = WeshAudioBuffer.m; sourceTree = "<group>"; };
		B345463C19F36C1100DC4689 /* SongInputStreamer.h */ = {isa = PBXFileReference; fileEncoding = 4; lastKnownFileType = sourcecode.c.h; path = SongInputStreamer.h; sourceTree = "<group>"; };
		B345463D19F36C1100DC4689 /* SongInputStreamer.m */ = {isa = PBXFileReference; fileEncoding = 4; lastKnownFileType = sourcecode.c.objc; path = SongInputStreamer.m; sourceTree = "<group>"; };
		B345463E19F36C1100DC4689 /* SongOutputStreamer.h */ = {isa = PBXFileReference; fileEncoding = 4; lastKnownFileType = sourcecode.c.h; path = SongOutputStreamer.h; sourceTree = "<group>"; };
		B345463F19F36C1100DC4689 /* SongOutputStreamer.m */ = {isa = PBXFileReference; fileEncoding = 4; lastKnownFileType = sourcecode.c.objc; path = SongOutputStreamer.m; sourceTree = "<group>"; };
		B345464419F36C2300DC4689 /* WeshApp-tunes-Bridging-Header.h */ = {isa = PBXFileReference; fileEncoding = 4; lastKnownFileType = sourcecode.c.h; path = "WeshApp-tunes-Bridging-Header.h"; sourceTree = "<group>"; };
		B345464519F3848400DC4689 /* sample.mp3 */ = {isa = PBXFileReference; lastKnownFileType = audio.mp3; path = sample.mp3; sourceTree = "<group>"; };
		B37DE9AC19F2A151005F3542 /* WeshApp-tunes.app */ = {isa = PBXFileReference; explicitFileType = wrapper.application; includeInIndex = 0; path = "WeshApp-tunes.app"; sourceTree = BUILT_PRODUCTS_DIR; };
		B37DE9B019F2A151005F3542 /* Info.plist */ = {isa = PBXFileReference; lastKnownFileType = text.plist.xml; path = Info.plist; sourceTree = "<group>"; };
		B37DE9B119F2A151005F3542 /* AppDelegate.swift */ = {isa = PBXFileReference; lastKnownFileType = sourcecode.swift; path = AppDelegate.swift; sourceTree = "<group>"; };
		B37DE9B419F2A151005F3542 /* WeshApp_tunes.xcdatamodel */ = {isa = PBXFileReference; lastKnownFileType = wrapper.xcdatamodel; path = WeshApp_tunes.xcdatamodel; sourceTree = "<group>"; };
		B37DE9B919F2A151005F3542 /* Base */ = {isa = PBXFileReference; lastKnownFileType = file.storyboard; name = Base; path = Base.lproj/Main.storyboard; sourceTree = "<group>"; };
		B37DE9BB19F2A151005F3542 /* Images.xcassets */ = {isa = PBXFileReference; lastKnownFileType = folder.assetcatalog; path = Images.xcassets; sourceTree = "<group>"; };
		B37DE9BE19F2A151005F3542 /* Base */ = {isa = PBXFileReference; lastKnownFileType = file.xib; name = Base; path = Base.lproj/LaunchScreen.xib; sourceTree = "<group>"; };
		B37DE9C419F2A151005F3542 /* WeshApp-tunesTests.xctest */ = {isa = PBXFileReference; explicitFileType = wrapper.cfbundle; includeInIndex = 0; path = "WeshApp-tunesTests.xctest"; sourceTree = BUILT_PRODUCTS_DIR; };
		B37DE9C919F2A151005F3542 /* Info.plist */ = {isa = PBXFileReference; lastKnownFileType = text.plist.xml; path = Info.plist; sourceTree = "<group>"; };
		B37DE9CA19F2A151005F3542 /* WeshApp_tunesTests.swift */ = {isa = PBXFileReference; lastKnownFileType = sourcecode.swift; path = WeshApp_tunesTests.swift; sourceTree = "<group>"; };
		B37DE9D419F2B4DC005F3542 /* MCManager.swift */ = {isa = PBXFileReference; fileEncoding = 4; lastKnownFileType = sourcecode.swift; path = MCManager.swift; sourceTree = "<group>"; };
		B37DE9D619F2B500005F3542 /* MultipeerConnectivity.framework */ = {isa = PBXFileReference; lastKnownFileType = wrapper.framework; name = MultipeerConnectivity.framework; path = System/Library/Frameworks/MultipeerConnectivity.framework; sourceTree = SDKROOT; };
		B37DE9D819F2B79A005F3542 /* SongTVC.swift */ = {isa = PBXFileReference; fileEncoding = 4; lastKnownFileType = sourcecode.swift; path = SongTVC.swift; sourceTree = "<group>"; };
		B37DE9DA19F2B9A2005F3542 /* Media.swift */ = {isa = PBXFileReference; fileEncoding = 4; lastKnownFileType = sourcecode.swift; path = Media.swift; sourceTree = "<group>"; };
		B37DE9DC19F2C7B6005F3542 /* MediaManager.swift */ = {isa = PBXFileReference; fileEncoding = 4; lastKnownFileType = sourcecode.swift; path = MediaManager.swift; sourceTree = "<group>"; };
		B3E6ADC019F31EA8009C2418 /* PlayerViewController.swift */ = {isa = PBXFileReference; fileEncoding = 4; lastKnownFileType = sourcecode.swift; path = PlayerViewController.swift; sourceTree = "<group>"; };
/* End PBXFileReference section */

/* Begin PBXFrameworksBuildPhase section */
		B37DE9A919F2A151005F3542 /* Frameworks */ = {
			isa = PBXFrameworksBuildPhase;
			buildActionMask = 2147483647;
			files = (
				B37DE9D719F2B500005F3542 /* MultipeerConnectivity.framework in Frameworks */,
			);
			runOnlyForDeploymentPostprocessing = 0;
		};
		B37DE9C119F2A151005F3542 /* Frameworks */ = {
			isa = PBXFrameworksBuildPhase;
			buildActionMask = 2147483647;
			files = (
			);
			runOnlyForDeploymentPostprocessing = 0;
		};
/* End PBXFrameworksBuildPhase section */

/* Begin PBXGroup section */
		B345463619F36C1100DC4689 /* SongsStreamer */ = {
			isa = PBXGroup;
			children = (
				B345463719F36C1100DC4689 /* AudioBuffersQueue */,
				B345463C19F36C1100DC4689 /* SongInputStreamer.h */,
				B345463D19F36C1100DC4689 /* SongInputStreamer.m */,
				B345463E19F36C1100DC4689 /* SongOutputStreamer.h */,
				B345463F19F36C1100DC4689 /* SongOutputStreamer.m */,
			);
			path = SongsStreamer;
			sourceTree = "<group>";
		};
		B345463719F36C1100DC4689 /* AudioBuffersQueue */ = {
			isa = PBXGroup;
			children = (
				B345463819F36C1100DC4689 /* AudioBuffersQueue.h */,
				B345463919F36C1100DC4689 /* AudioBuffersQueue.m */,
				B345463A19F36C1100DC4689 /* WeshAudioBuffer.h */,
				B345463B19F36C1100DC4689 /* WeshAudioBuffer.m */,
			);
			path = AudioBuffersQueue;
			sourceTree = "<group>";
		};
		B37DE9A319F2A151005F3542 = {
			isa = PBXGroup;
			children = (
				B37DE9AE19F2A151005F3542 /* WeshApp-tunes */,
				B37DE9C719F2A151005F3542 /* WeshApp-tunesTests */,
				B37DE9AD19F2A151005F3542 /* Products */,
				B37DE9D619F2B500005F3542 /* MultipeerConnectivity.framework */,
			);
			sourceTree = "<group>";
		};
		B37DE9AD19F2A151005F3542 /* Products */ = {
			isa = PBXGroup;
			children = (
				B37DE9AC19F2A151005F3542 /* WeshApp-tunes.app */,
				B37DE9C419F2A151005F3542 /* WeshApp-tunesTests.xctest */,
			);
			name = Products;
			sourceTree = "<group>";
		};
		B37DE9AE19F2A151005F3542 /* WeshApp-tunes */ = {
			isa = PBXGroup;
			children = (
				B345464519F3848400DC4689 /* sample.mp3 */,
				B345464419F36C2300DC4689 /* WeshApp-tunes-Bridging-Header.h */,
				B345463619F36C1100DC4689 /* SongsStreamer */,
				B37DE9B119F2A151005F3542 /* AppDelegate.swift */,
				B37DE9D819F2B79A005F3542 /* SongTVC.swift */,
				B3E6ADC019F31EA8009C2418 /* PlayerViewController.swift */,
				B37DE9D419F2B4DC005F3542 /* MCManager.swift */,
				B37DE9DA19F2B9A2005F3542 /* Media.swift */,
				B37DE9DC19F2C7B6005F3542 /* MediaManager.swift */,
				B37DE9B819F2A151005F3542 /* Main.storyboard */,
				B37DE9BB19F2A151005F3542 /* Images.xcassets */,
				B37DE9BD19F2A151005F3542 /* LaunchScreen.xib */,
				B37DE9B319F2A151005F3542 /* WeshApp_tunes.xcdatamodeld */,
				B37DE9AF19F2A151005F3542 /* Supporting Files */,
			);
			path = "WeshApp-tunes";
			sourceTree = "<group>";
		};
		B37DE9AF19F2A151005F3542 /* Supporting Files */ = {
			isa = PBXGroup;
			children = (
				B37DE9B019F2A151005F3542 /* Info.plist */,
			);
			name = "Supporting Files";
			sourceTree = "<group>";
		};
		B37DE9C719F2A151005F3542 /* WeshApp-tunesTests */ = {
			isa = PBXGroup;
			children = (
				B37DE9CA19F2A151005F3542 /* WeshApp_tunesTests.swift */,
				B37DE9C819F2A151005F3542 /* Supporting Files */,
			);
			path = "WeshApp-tunesTests";
			sourceTree = "<group>";
		};
		B37DE9C819F2A151005F3542 /* Supporting Files */ = {
			isa = PBXGroup;
			children = (
				B37DE9C919F2A151005F3542 /* Info.plist */,
			);
			name = "Supporting Files";
			sourceTree = "<group>";
		};
/* End PBXGroup section */

/* Begin PBXNativeTarget section */
		B37DE9AB19F2A151005F3542 /* WeshApp-tunes */ = {
			isa = PBXNativeTarget;
			buildConfigurationList = B37DE9CE19F2A151005F3542 /* Build configuration list for PBXNativeTarget "WeshApp-tunes" */;
			buildPhases = (
				B37DE9A819F2A151005F3542 /* Sources */,
				B37DE9A919F2A151005F3542 /* Frameworks */,
				B37DE9AA19F2A151005F3542 /* Resources */,
			);
			buildRules = (
			);
			dependencies = (
			);
			name = "WeshApp-tunes";
			productName = "WeshApp-tunes";
			productReference = B37DE9AC19F2A151005F3542 /* WeshApp-tunes.app */;
			productType = "com.apple.product-type.application";
		};
		B37DE9C319F2A151005F3542 /* WeshApp-tunesTests */ = {
			isa = PBXNativeTarget;
			buildConfigurationList = B37DE9D119F2A151005F3542 /* Build configuration list for PBXNativeTarget "WeshApp-tunesTests" */;
			buildPhases = (
				B37DE9C019F2A151005F3542 /* Sources */,
				B37DE9C119F2A151005F3542 /* Frameworks */,
				B37DE9C219F2A151005F3542 /* Resources */,
			);
			buildRules = (
			);
			dependencies = (
				B37DE9C619F2A151005F3542 /* PBXTargetDependency */,
			);
			name = "WeshApp-tunesTests";
			productName = "WeshApp-tunesTests";
			productReference = B37DE9C419F2A151005F3542 /* WeshApp-tunesTests.xctest */;
			productType = "com.apple.product-type.bundle.unit-test";
		};
/* End PBXNativeTarget section */

/* Begin PBXProject section */
		B37DE9A419F2A151005F3542 /* Project object */ = {
			isa = PBXProject;
			attributes = {
				LastUpgradeCheck = 0600;
				ORGANIZATIONNAME = "Foot Clan";
				TargetAttributes = {
					B37DE9AB19F2A151005F3542 = {
						CreatedOnToolsVersion = 6.0.1;
					};
					B37DE9C319F2A151005F3542 = {
						CreatedOnToolsVersion = 6.0.1;
						TestTargetID = B37DE9AB19F2A151005F3542;
					};
				};
			};
			buildConfigurationList = B37DE9A719F2A151005F3542 /* Build configuration list for PBXProject "WeshApp-tunes" */;
			compatibilityVersion = "Xcode 3.2";
			developmentRegion = English;
			hasScannedForEncodings = 0;
			knownRegions = (
				en,
				Base,
			);
			mainGroup = B37DE9A319F2A151005F3542;
			productRefGroup = B37DE9AD19F2A151005F3542 /* Products */;
			projectDirPath = "";
			projectRoot = "";
			targets = (
				B37DE9AB19F2A151005F3542 /* WeshApp-tunes */,
				B37DE9C319F2A151005F3542 /* WeshApp-tunesTests */,
			);
		};
/* End PBXProject section */

/* Begin PBXResourcesBuildPhase section */
		B37DE9AA19F2A151005F3542 /* Resources */ = {
			isa = PBXResourcesBuildPhase;
			buildActionMask = 2147483647;
			files = (
				B37DE9BA19F2A151005F3542 /* Main.storyboard in Resources */,
				B37DE9BF19F2A151005F3542 /* LaunchScreen.xib in Resources */,
				B345464619F3848400DC4689 /* sample.mp3 in Resources */,
				B37DE9BC19F2A151005F3542 /* Images.xcassets in Resources */,
			);
			runOnlyForDeploymentPostprocessing = 0;
		};
		B37DE9C219F2A151005F3542 /* Resources */ = {
			isa = PBXResourcesBuildPhase;
			buildActionMask = 2147483647;
			files = (
			);
			runOnlyForDeploymentPostprocessing = 0;
		};
/* End PBXResourcesBuildPhase section */

/* Begin PBXSourcesBuildPhase section */
		B37DE9A819F2A151005F3542 /* Sources */ = {
			isa = PBXSourcesBuildPhase;
			buildActionMask = 2147483647;
			files = (
				B37DE9D519F2B4DC005F3542 /* MCManager.swift in Sources */,
				B37DE9B519F2A151005F3542 /* WeshApp_tunes.xcdatamodeld in Sources */,
				B345464019F36C1100DC4689 /* AudioBuffersQueue.m in Sources */,
				B37DE9B219F2A151005F3542 /* AppDelegate.swift in Sources */,
				B3E6ADC119F31EA8009C2418 /* PlayerViewController.swift in Sources */,
				B37DE9D919F2B79A005F3542 /* SongTVC.swift in Sources */,
				B345464219F36C1100DC4689 /* SongInputStreamer.m in Sources */,
				B345464319F36C1100DC4689 /* SongOutputStreamer.m in Sources */,
				B37DE9DD19F2C7B6005F3542 /* MediaManager.swift in Sources */,
				B345464119F36C1100DC4689 /* WeshAudioBuffer.m in Sources */,
				B37DE9DB19F2B9A2005F3542 /* Media.swift in Sources */,
			);
			runOnlyForDeploymentPostprocessing = 0;
		};
		B37DE9C019F2A151005F3542 /* Sources */ = {
			isa = PBXSourcesBuildPhase;
			buildActionMask = 2147483647;
			files = (
				B37DE9CB19F2A151005F3542 /* WeshApp_tunesTests.swift in Sources */,
			);
			runOnlyForDeploymentPostprocessing = 0;
		};
/* End PBXSourcesBuildPhase section */

/* Begin PBXTargetDependency section */
		B37DE9C619F2A151005F3542 /* PBXTargetDependency */ = {
			isa = PBXTargetDependency;
			target = B37DE9AB19F2A151005F3542 /* WeshApp-tunes */;
			targetProxy = B37DE9C519F2A151005F3542 /* PBXContainerItemProxy */;
		};
/* End PBXTargetDependency section */

/* Begin PBXVariantGroup section */
		B37DE9B819F2A151005F3542 /* Main.storyboard */ = {
			isa = PBXVariantGroup;
			children = (
				B37DE9B919F2A151005F3542 /* Base */,
			);
			name = Main.storyboard;
			sourceTree = "<group>";
		};
		B37DE9BD19F2A151005F3542 /* LaunchScreen.xib */ = {
			isa = PBXVariantGroup;
			children = (
				B37DE9BE19F2A151005F3542 /* Base */,
			);
			name = LaunchScreen.xib;
			sourceTree = "<group>";
		};
/* End PBXVariantGroup section */

/* Begin XCBuildConfiguration section */
		B37DE9CC19F2A151005F3542 /* Debug */ = {
			isa = XCBuildConfiguration;
			buildSettings = {
				ALWAYS_SEARCH_USER_PATHS = NO;
				CLANG_CXX_LANGUAGE_STANDARD = "gnu++0x";
				CLANG_CXX_LIBRARY = "libc++";
				CLANG_ENABLE_MODULES = YES;
				CLANG_ENABLE_OBJC_ARC = YES;
				CLANG_WARN_BOOL_CONVERSION = YES;
				CLANG_WARN_CONSTANT_CONVERSION = YES;
				CLANG_WARN_DIRECT_OBJC_ISA_USAGE = YES_ERROR;
				CLANG_WARN_EMPTY_BODY = YES;
				CLANG_WARN_ENUM_CONVERSION = YES;
				CLANG_WARN_INT_CONVERSION = YES;
				CLANG_WARN_OBJC_ROOT_CLASS = YES_ERROR;
				CLANG_WARN_UNREACHABLE_CODE = YES;
				CLANG_WARN__DUPLICATE_METHOD_MATCH = YES;
				"CODE_SIGN_IDENTITY[sdk=iphoneos*]" = "iPhone Developer";
				COPY_PHASE_STRIP = NO;
				ENABLE_STRICT_OBJC_MSGSEND = YES;
				GCC_C_LANGUAGE_STANDARD = gnu99;
				GCC_DYNAMIC_NO_PIC = NO;
				GCC_OPTIMIZATION_LEVEL = 0;
				GCC_PREPROCESSOR_DEFINITIONS = (
					"DEBUG=1",
					"$(inherited)",
				);
				GCC_SYMBOLS_PRIVATE_EXTERN = NO;
				GCC_WARN_64_TO_32_BIT_CONVERSION = YES;
				GCC_WARN_ABOUT_RETURN_TYPE = YES_ERROR;
				GCC_WARN_UNDECLARED_SELECTOR = YES;
				GCC_WARN_UNINITIALIZED_AUTOS = YES_AGGRESSIVE;
				GCC_WARN_UNUSED_FUNCTION = YES;
				GCC_WARN_UNUSED_VARIABLE = YES;
				IPHONEOS_DEPLOYMENT_TARGET = 8.0;
				MTL_ENABLE_DEBUG_INFO = YES;
				ONLY_ACTIVE_ARCH = YES;
				SDKROOT = iphoneos;
				SWIFT_OPTIMIZATION_LEVEL = "-Onone";
				TARGETED_DEVICE_FAMILY = "1,2";
			};
			name = Debug;
		};
		B37DE9CD19F2A151005F3542 /* Release */ = {
			isa = XCBuildConfiguration;
			buildSettings = {
				ALWAYS_SEARCH_USER_PATHS = NO;
				CLANG_CXX_LANGUAGE_STANDARD = "gnu++0x";
				CLANG_CXX_LIBRARY = "libc++";
				CLANG_ENABLE_MODULES = YES;
				CLANG_ENABLE_OBJC_ARC = YES;
				CLANG_WARN_BOOL_CONVERSION = YES;
				CLANG_WARN_CONSTANT_CONVERSION = YES;
				CLANG_WARN_DIRECT_OBJC_ISA_USAGE = YES_ERROR;
				CLANG_WARN_EMPTY_BODY = YES;
				CLANG_WARN_ENUM_CONVERSION = YES;
				CLANG_WARN_INT_CONVERSION = YES;
				CLANG_WARN_OBJC_ROOT_CLASS = YES_ERROR;
				CLANG_WARN_UNREACHABLE_CODE = YES;
				CLANG_WARN__DUPLICATE_METHOD_MATCH = YES;
				"CODE_SIGN_IDENTITY[sdk=iphoneos*]" = "iPhone Developer";
				COPY_PHASE_STRIP = YES;
				ENABLE_NS_ASSERTIONS = NO;
				ENABLE_STRICT_OBJC_MSGSEND = YES;
				GCC_C_LANGUAGE_STANDARD = gnu99;
				GCC_WARN_64_TO_32_BIT_CONVERSION = YES;
				GCC_WARN_ABOUT_RETURN_TYPE = YES_ERROR;
				GCC_WARN_UNDECLARED_SELECTOR = YES;
				GCC_WARN_UNINITIALIZED_AUTOS = YES_AGGRESSIVE;
				GCC_WARN_UNUSED_FUNCTION = YES;
				GCC_WARN_UNUSED_VARIABLE = YES;
				IPHONEOS_DEPLOYMENT_TARGET = 8.0;
				MTL_ENABLE_DEBUG_INFO = NO;
				SDKROOT = iphoneos;
				TARGETED_DEVICE_FAMILY = "1,2";
				VALIDATE_PRODUCT = YES;
			};
			name = Release;
		};
		B37DE9CF19F2A151005F3542 /* Debug */ = {
			isa = XCBuildConfiguration;
			buildSettings = {
				ASSETCATALOG_COMPILER_APPICON_NAME = AppIcon;
				INFOPLIST_FILE = "WeshApp-tunes/Info.plist";
				LD_RUNPATH_SEARCH_PATHS = "$(inherited) @executable_path/Frameworks";
				PRODUCT_NAME = "$(TARGET_NAME)";
				SWIFT_OBJC_BRIDGING_HEADER = "WeshApp-Tunes/WeshApp-tunes-Bridging-Header.h";
			};
			name = Debug;
		};
		B37DE9D019F2A151005F3542 /* Release */ = {
			isa = XCBuildConfiguration;
			buildSettings = {
				ASSETCATALOG_COMPILER_APPICON_NAME = AppIcon;
				INFOPLIST_FILE = "WeshApp-tunes/Info.plist";
				LD_RUNPATH_SEARCH_PATHS = "$(inherited) @executable_path/Frameworks";
				PRODUCT_NAME = "$(TARGET_NAME)";
				SWIFT_OBJC_BRIDGING_HEADER = "WeshApp-Tunes/WeshApp-tunes-Bridging-Header.h";
			};
			name = Release;
		};
		B37DE9D219F2A151005F3542 /* Debug */ = {
			isa = XCBuildConfiguration;
			buildSettings = {
				BUNDLE_LOADER = "$(TEST_HOST)";
				FRAMEWORK_SEARCH_PATHS = (
					"$(SDKROOT)/Developer/Library/Frameworks",
					"$(inherited)",
				);
				GCC_PREPROCESSOR_DEFINITIONS = (
					"DEBUG=1",
					"$(inherited)",
				);
				INFOPLIST_FILE = "WeshApp-tunesTests/Info.plist";
				LD_RUNPATH_SEARCH_PATHS = "$(inherited) @executable_path/Frameworks @loader_path/Frameworks";
				PRODUCT_NAME = "$(TARGET_NAME)";
				TEST_HOST = "$(BUILT_PRODUCTS_DIR)/WeshApp-tunes.app/WeshApp-tunes";
			};
			name = Debug;
		};
		B37DE9D319F2A151005F3542 /* Release */ = {
			isa = XCBuildConfiguration;
			buildSettings = {
				BUNDLE_LOADER = "$(TEST_HOST)";
				FRAMEWORK_SEARCH_PATHS = (
					"$(SDKROOT)/Developer/Library/Frameworks",
					"$(inherited)",
				);
				INFOPLIST_FILE = "WeshApp-tunesTests/Info.plist";
				LD_RUNPATH_SEARCH_PATHS = "$(inherited) @executable_path/Frameworks @loader_path/Frameworks";
				PRODUCT_NAME = "$(TARGET_NAME)";
				TEST_HOST = "$(BUILT_PRODUCTS_DIR)/WeshApp-tunes.app/WeshApp-tunes";
			};
			name = Release;
		};
/* End XCBuildConfiguration section */

/* Begin XCConfigurationList section */
		B37DE9A719F2A151005F3542 /* Build configuration list for PBXProject "WeshApp-tunes" */ = {
			isa = XCConfigurationList;
			buildConfigurations = (
				B37DE9CC19F2A151005F3542 /* Debug */,
				B37DE9CD19F2A151005F3542 /* Release */,
			);
			defaultConfigurationIsVisible = 0;
			defaultConfigurationName = Release;
		};
		B37DE9CE19F2A151005F3542 /* Build configuration list for PBXNativeTarget "WeshApp-tunes" */ = {
			isa = XCConfigurationList;
			buildConfigurations = (
				B37DE9CF19F2A151005F3542 /* Debug */,
				B37DE9D019F2A151005F3542 /* Release */,
			);
			defaultConfigurationIsVisible = 0;
			defaultConfigurationName = Release;
		};
		B37DE9D119F2A151005F3542 /* Build configuration list for PBXNativeTarget "WeshApp-tunesTests" */ = {
			isa = XCConfigurationList;
			buildConfigurations = (
				B37DE9D219F2A151005F3542 /* Debug */,
				B37DE9D319F2A151005F3542 /* Release */,
			);
			defaultConfigurationIsVisible = 0;
			defaultConfigurationName = Release;
		};
/* End XCConfigurationList section */

/* Begin XCVersionGroup section */
		B37DE9B319F2A151005F3542 /* WeshApp_tunes.xcdatamodeld */ = {
			isa = XCVersionGroup;
			children = (
				B37DE9B419F2A151005F3542 /* WeshApp_tunes.xcdatamodel */,
			);
			currentVersion = B37DE9B419F2A151005F3542 /* WeshApp_tunes.xcdatamodel */;
			path = WeshApp_tunes.xcdatamodeld;
			sourceTree = "<group>";
			versionGroupType = wrapper.xcdatamodel;
		};
/* End XCVersionGroup section */
	};
	rootObject = B37DE9A419F2A151005F3542 /* Project object */;
}
